// !$*UTF8*$!
{
	archiveVersion = 1;
	classes = {
	};
	objectVersion = 56;
	objects = {

/* Begin PBXBuildFile section */
		35EE473F2A1CC170001DEA85 /* AnkiCardMakerApp.swift in Sources */ = {isa = PBXBuildFile; fileRef = 35EE473E2A1CC170001DEA85 /* AnkiCardMakerApp.swift */; };
		35EE47412A1CC170001DEA85 /* EditView.swift in Sources */ = {isa = PBXBuildFile; fileRef = 35EE47402A1CC170001DEA85 /* EditView.swift */; };
		35EE47432A1CC171001DEA85 /* Assets.xcassets in Resources */ = {isa = PBXBuildFile; fileRef = 35EE47422A1CC171001DEA85 /* Assets.xcassets */; };
		35EE47462A1CC171001DEA85 /* Preview Assets.xcassets in Resources */ = {isa = PBXBuildFile; fileRef = 35EE47452A1CC171001DEA85 /* Preview Assets.xcassets */; };
		35EE47512A1CC171001DEA85 /* AnkiCardMakerTests.swift in Sources */ = {isa = PBXBuildFile; fileRef = 35EE47502A1CC171001DEA85 /* AnkiCardMakerTests.swift */; };
		35EE475B2A1CC171001DEA85 /* AnkiCardMakerUITests.swift in Sources */ = {isa = PBXBuildFile; fileRef = 35EE475A2A1CC171001DEA85 /* AnkiCardMakerUITests.swift */; };
		35EE475D2A1CC171001DEA85 /* AnkiCardMakerUITestsLaunchTests.swift in Sources */ = {isa = PBXBuildFile; fileRef = 35EE475C2A1CC171001DEA85 /* AnkiCardMakerUITestsLaunchTests.swift */; };
		35EE476E2A1CC845001DEA85 /* WebView.swift in Sources */ = {isa = PBXBuildFile; fileRef = 35EE476D2A1CC845001DEA85 /* WebView.swift */; };
		35EE47722A1CCFF0001DEA85 /* Answer.swift in Sources */ = {isa = PBXBuildFile; fileRef = 35EE47712A1CCFF0001DEA85 /* Answer.swift */; };
		35EE47752A1CD068001DEA85 /* MarkdownKit in Frameworks */ = {isa = PBXBuildFile; productRef = 35EE47742A1CD068001DEA85 /* MarkdownKit */; };
/* End PBXBuildFile section */

/* Begin PBXContainerItemProxy section */
		35EE474D2A1CC171001DEA85 /* PBXContainerItemProxy */ = {
			isa = PBXContainerItemProxy;
			containerPortal = 35EE47332A1CC170001DEA85 /* Project object */;
			proxyType = 1;
			remoteGlobalIDString = 35EE473A2A1CC170001DEA85;
			remoteInfo = AnkiCardMaker;
		};
		35EE47572A1CC171001DEA85 /* PBXContainerItemProxy */ = {
			isa = PBXContainerItemProxy;
			containerPortal = 35EE47332A1CC170001DEA85 /* Project object */;
			proxyType = 1;
			remoteGlobalIDString = 35EE473A2A1CC170001DEA85;
			remoteInfo = AnkiCardMaker;
		};
/* End PBXContainerItemProxy section */

/* Begin PBXFileReference section */
		35EE473B2A1CC170001DEA85 /* AnkiCardMaker.app */ = {isa = PBXFileReference; explicitFileType = wrapper.application; includeInIndex = 0; path = AnkiCardMaker.app; sourceTree = BUILT_PRODUCTS_DIR; };
		35EE473E2A1CC170001DEA85 /* AnkiCardMakerApp.swift */ = {isa = PBXFileReference; lastKnownFileType = sourcecode.swift; path = AnkiCardMakerApp.swift; sourceTree = "<group>"; };
		35EE47402A1CC170001DEA85 /* EditView.swift */ = {isa = PBXFileReference; lastKnownFileType = sourcecode.swift; path = EditView.swift; sourceTree = "<group>"; };
		35EE47422A1CC171001DEA85 /* Assets.xcassets */ = {isa = PBXFileReference; lastKnownFileType = folder.assetcatalog; path = Assets.xcassets; sourceTree = "<group>"; };
		35EE47452A1CC171001DEA85 /* Preview Assets.xcassets */ = {isa = PBXFileReference; lastKnownFileType = folder.assetcatalog; path = "Preview Assets.xcassets"; sourceTree = "<group>"; };
		35EE47472A1CC171001DEA85 /* AnkiCardMaker.entitlements */ = {isa = PBXFileReference; lastKnownFileType = text.plist.entitlements; path = AnkiCardMaker.entitlements; sourceTree = "<group>"; };
		35EE474C2A1CC171001DEA85 /* AnkiCardMakerTests.xctest */ = {isa = PBXFileReference; explicitFileType = wrapper.cfbundle; includeInIndex = 0; path = AnkiCardMakerTests.xctest; sourceTree = BUILT_PRODUCTS_DIR; };
		35EE47502A1CC171001DEA85 /* AnkiCardMakerTests.swift */ = {isa = PBXFileReference; lastKnownFileType = sourcecode.swift; path = AnkiCardMakerTests.swift; sourceTree = "<group>"; };
		35EE47562A1CC171001DEA85 /* AnkiCardMakerUITests.xctest */ = {isa = PBXFileReference; explicitFileType = wrapper.cfbundle; includeInIndex = 0; path = AnkiCardMakerUITests.xctest; sourceTree = BUILT_PRODUCTS_DIR; };
		35EE475A2A1CC171001DEA85 /* AnkiCardMakerUITests.swift */ = {isa = PBXFileReference; lastKnownFileType = sourcecode.swift; path = AnkiCardMakerUITests.swift; sourceTree = "<group>"; };
		35EE475C2A1CC171001DEA85 /* AnkiCardMakerUITestsLaunchTests.swift */ = {isa = PBXFileReference; lastKnownFileType = sourcecode.swift; path = AnkiCardMakerUITestsLaunchTests.swift; sourceTree = "<group>"; };
		35EE476D2A1CC845001DEA85 /* WebView.swift */ = {isa = PBXFileReference; lastKnownFileType = sourcecode.swift; path = WebView.swift; sourceTree = "<group>"; };
		35EE47712A1CCFF0001DEA85 /* Answer.swift */ = {isa = PBXFileReference; lastKnownFileType = sourcecode.swift; path = Answer.swift; sourceTree = "<group>"; };
/* End PBXFileReference section */

/* Begin PBXFrameworksBuildPhase section */
		35EE47382A1CC170001DEA85 /* Frameworks */ = {
			isa = PBXFrameworksBuildPhase;
			buildActionMask = 2147483647;
			files = (
				35EE47752A1CD068001DEA85 /* MarkdownKit in Frameworks */,
			);
			runOnlyForDeploymentPostprocessing = 0;
		};
		35EE47492A1CC171001DEA85 /* Frameworks */ = {
			isa = PBXFrameworksBuildPhase;
			buildActionMask = 2147483647;
			files = (
			);
			runOnlyForDeploymentPostprocessing = 0;
		};
		35EE47532A1CC171001DEA85 /* Frameworks */ = {
			isa = PBXFrameworksBuildPhase;
			buildActionMask = 2147483647;
			files = (
			);
			runOnlyForDeploymentPostprocessing = 0;
		};
/* End PBXFrameworksBuildPhase section */

/* Begin PBXGroup section */
		35EE47322A1CC170001DEA85 = {
			isa = PBXGroup;
			children = (
				35EE473D2A1CC170001DEA85 /* AnkiCardMaker */,
				35EE474F2A1CC171001DEA85 /* AnkiCardMakerTests */,
				35EE47592A1CC171001DEA85 /* AnkiCardMakerUITests */,
				35EE473C2A1CC170001DEA85 /* Products */,
			);
			sourceTree = "<group>";
		};
		35EE473C2A1CC170001DEA85 /* Products */ = {
			isa = PBXGroup;
			children = (
				35EE473B2A1CC170001DEA85 /* AnkiCardMaker.app */,
				35EE474C2A1CC171001DEA85 /* AnkiCardMakerTests.xctest */,
				35EE47562A1CC171001DEA85 /* AnkiCardMakerUITests.xctest */,
			);
			name = Products;
			sourceTree = "<group>";
		};
		35EE473D2A1CC170001DEA85 /* AnkiCardMaker */ = {
			isa = PBXGroup;
			children = (
				35EE473E2A1CC170001DEA85 /* AnkiCardMakerApp.swift */,
				35EE47712A1CCFF0001DEA85 /* Answer.swift */,
				35EE47402A1CC170001DEA85 /* EditView.swift */,
				35EE476D2A1CC845001DEA85 /* WebView.swift */,
				35EE47422A1CC171001DEA85 /* Assets.xcassets */,
				35EE47472A1CC171001DEA85 /* AnkiCardMaker.entitlements */,
				35EE47442A1CC171001DEA85 /* Preview Content */,
			);
			path = AnkiCardMaker;
			sourceTree = "<group>";
		};
		35EE47442A1CC171001DEA85 /* Preview Content */ = {
			isa = PBXGroup;
			children = (
				35EE47452A1CC171001DEA85 /* Preview Assets.xcassets */,
			);
			path = "Preview Content";
			sourceTree = "<group>";
		};
		35EE474F2A1CC171001DEA85 /* AnkiCardMakerTests */ = {
			isa = PBXGroup;
			children = (
				35EE47502A1CC171001DEA85 /* AnkiCardMakerTests.swift */,
			);
			path = AnkiCardMakerTests;
			sourceTree = "<group>";
		};
		35EE47592A1CC171001DEA85 /* AnkiCardMakerUITests */ = {
			isa = PBXGroup;
			children = (
				35EE475A2A1CC171001DEA85 /* AnkiCardMakerUITests.swift */,
				35EE475C2A1CC171001DEA85 /* AnkiCardMakerUITestsLaunchTests.swift */,
			);
			path = AnkiCardMakerUITests;
			sourceTree = "<group>";
		};
/* End PBXGroup section */

/* Begin PBXNativeTarget section */
		35EE473A2A1CC170001DEA85 /* AnkiCardMaker */ = {
			isa = PBXNativeTarget;
			buildConfigurationList = 35EE47602A1CC171001DEA85 /* Build configuration list for PBXNativeTarget "AnkiCardMaker" */;
			buildPhases = (
				35EE47372A1CC170001DEA85 /* Sources */,
				35EE47382A1CC170001DEA85 /* Frameworks */,
				35EE47392A1CC170001DEA85 /* Resources */,
			);
			buildRules = (
			);
			dependencies = (
			);
			name = AnkiCardMaker;
			packageProductDependencies = (
				35EE47742A1CD068001DEA85 /* MarkdownKit */,
			);
			productName = AnkiCardMaker;
			productReference = 35EE473B2A1CC170001DEA85 /* AnkiCardMaker.app */;
			productType = "com.apple.product-type.application";
		};
		35EE474B2A1CC171001DEA85 /* AnkiCardMakerTests */ = {
			isa = PBXNativeTarget;
			buildConfigurationList = 35EE47632A1CC171001DEA85 /* Build configuration list for PBXNativeTarget "AnkiCardMakerTests" */;
			buildPhases = (
				35EE47482A1CC171001DEA85 /* Sources */,
				35EE47492A1CC171001DEA85 /* Frameworks */,
				35EE474A2A1CC171001DEA85 /* Resources */,
			);
			buildRules = (
			);
			dependencies = (
				35EE474E2A1CC171001DEA85 /* PBXTargetDependency */,
			);
			name = AnkiCardMakerTests;
			productName = AnkiCardMakerTests;
			productReference = 35EE474C2A1CC171001DEA85 /* AnkiCardMakerTests.xctest */;
			productType = "com.apple.product-type.bundle.unit-test";
		};
		35EE47552A1CC171001DEA85 /* AnkiCardMakerUITests */ = {
			isa = PBXNativeTarget;
			buildConfigurationList = 35EE47662A1CC171001DEA85 /* Build configuration list for PBXNativeTarget "AnkiCardMakerUITests" */;
			buildPhases = (
				35EE47522A1CC171001DEA85 /* Sources */,
				35EE47532A1CC171001DEA85 /* Frameworks */,
				35EE47542A1CC171001DEA85 /* Resources */,
			);
			buildRules = (
			);
			dependencies = (
				35EE47582A1CC171001DEA85 /* PBXTargetDependency */,
			);
			name = AnkiCardMakerUITests;
			productName = AnkiCardMakerUITests;
			productReference = 35EE47562A1CC171001DEA85 /* AnkiCardMakerUITests.xctest */;
			productType = "com.apple.product-type.bundle.ui-testing";
		};
/* End PBXNativeTarget section */

/* Begin PBXProject section */
		35EE47332A1CC170001DEA85 /* Project object */ = {
			isa = PBXProject;
			attributes = {
				BuildIndependentTargetsInParallel = 1;
				LastSwiftUpdateCheck = 1430;
				LastUpgradeCheck = 1430;
				TargetAttributes = {
					35EE473A2A1CC170001DEA85 = {
						CreatedOnToolsVersion = 14.3;
					};
					35EE474B2A1CC171001DEA85 = {
						CreatedOnToolsVersion = 14.3;
						TestTargetID = 35EE473A2A1CC170001DEA85;
					};
					35EE47552A1CC171001DEA85 = {
						CreatedOnToolsVersion = 14.3;
						TestTargetID = 35EE473A2A1CC170001DEA85;
					};
				};
			};
			buildConfigurationList = 35EE47362A1CC170001DEA85 /* Build configuration list for PBXProject "AnkiCardMaker" */;
			compatibilityVersion = "Xcode 14.0";
			developmentRegion = en;
			hasScannedForEncodings = 0;
			knownRegions = (
				en,
				Base,
			);
			mainGroup = 35EE47322A1CC170001DEA85;
			packageReferences = (
				35EE47732A1CD068001DEA85 /* XCRemoteSwiftPackageReference "swift-markdownkit" */,
			);
			productRefGroup = 35EE473C2A1CC170001DEA85 /* Products */;
			projectDirPath = "";
			projectRoot = "";
			targets = (
				35EE473A2A1CC170001DEA85 /* AnkiCardMaker */,
				35EE474B2A1CC171001DEA85 /* AnkiCardMakerTests */,
				35EE47552A1CC171001DEA85 /* AnkiCardMakerUITests */,
			);
		};
/* End PBXProject section */

/* Begin PBXResourcesBuildPhase section */
		35EE47392A1CC170001DEA85 /* Resources */ = {
			isa = PBXResourcesBuildPhase;
			buildActionMask = 2147483647;
			files = (
				35EE47462A1CC171001DEA85 /* Preview Assets.xcassets in Resources */,
				35EE47432A1CC171001DEA85 /* Assets.xcassets in Resources */,
			);
			runOnlyForDeploymentPostprocessing = 0;
		};
		35EE474A2A1CC171001DEA85 /* Resources */ = {
			isa = PBXResourcesBuildPhase;
			buildActionMask = 2147483647;
			files = (
			);
			runOnlyForDeploymentPostprocessing = 0;
		};
		35EE47542A1CC171001DEA85 /* Resources */ = {
			isa = PBXResourcesBuildPhase;
			buildActionMask = 2147483647;
			files = (
			);
			runOnlyForDeploymentPostprocessing = 0;
		};
/* End PBXResourcesBuildPhase section */

/* Begin PBXSourcesBuildPhase section */
		35EE47372A1CC170001DEA85 /* Sources */ = {
			isa = PBXSourcesBuildPhase;
			buildActionMask = 2147483647;
			files = (
				35EE476E2A1CC845001DEA85 /* WebView.swift in Sources */,
				35EE47412A1CC170001DEA85 /* EditView.swift in Sources */,
				35EE473F2A1CC170001DEA85 /* AnkiCardMakerApp.swift in Sources */,
				35EE47722A1CCFF0001DEA85 /* Answer.swift in Sources */,
			);
			runOnlyForDeploymentPostprocessing = 0;
		};
		35EE47482A1CC171001DEA85 /* Sources */ = {
			isa = PBXSourcesBuildPhase;
			buildActionMask = 2147483647;
			files = (
				35EE47512A1CC171001DEA85 /* AnkiCardMakerTests.swift in Sources */,
			);
			runOnlyForDeploymentPostprocessing = 0;
		};
		35EE47522A1CC171001DEA85 /* Sources */ = {
			isa = PBXSourcesBuildPhase;
			buildActionMask = 2147483647;
			files = (
				35EE475D2A1CC171001DEA85 /* AnkiCardMakerUITestsLaunchTests.swift in Sources */,
				35EE475B2A1CC171001DEA85 /* AnkiCardMakerUITests.swift in Sources */,
			);
			runOnlyForDeploymentPostprocessing = 0;
		};
/* End PBXSourcesBuildPhase section */

/* Begin PBXTargetDependency section */
		35EE474E2A1CC171001DEA85 /* PBXTargetDependency */ = {
			isa = PBXTargetDependency;
			target = 35EE473A2A1CC170001DEA85 /* AnkiCardMaker */;
			targetProxy = 35EE474D2A1CC171001DEA85 /* PBXContainerItemProxy */;
		};
		35EE47582A1CC171001DEA85 /* PBXTargetDependency */ = {
			isa = PBXTargetDependency;
			target = 35EE473A2A1CC170001DEA85 /* AnkiCardMaker */;
			targetProxy = 35EE47572A1CC171001DEA85 /* PBXContainerItemProxy */;
		};
/* End PBXTargetDependency section */

/* Begin XCBuildConfiguration section */
		35EE475E2A1CC171001DEA85 /* Debug */ = {
			isa = XCBuildConfiguration;
			buildSettings = {
				ALWAYS_SEARCH_USER_PATHS = NO;
				CLANG_ANALYZER_NONNULL = YES;
				CLANG_ANALYZER_NUMBER_OBJECT_CONVERSION = YES_AGGRESSIVE;
				CLANG_CXX_LANGUAGE_STANDARD = "gnu++20";
				CLANG_ENABLE_MODULES = YES;
				CLANG_ENABLE_OBJC_ARC = YES;
				CLANG_ENABLE_OBJC_WEAK = YES;
				CLANG_WARN_BLOCK_CAPTURE_AUTORELEASING = YES;
				CLANG_WARN_BOOL_CONVERSION = YES;
				CLANG_WARN_COMMA = YES;
				CLANG_WARN_CONSTANT_CONVERSION = YES;
				CLANG_WARN_DEPRECATED_OBJC_IMPLEMENTATIONS = YES;
				CLANG_WARN_DIRECT_OBJC_ISA_USAGE = YES_ERROR;
				CLANG_WARN_DOCUMENTATION_COMMENTS = YES;
				CLANG_WARN_EMPTY_BODY = YES;
				CLANG_WARN_ENUM_CONVERSION = YES;
				CLANG_WARN_INFINITE_RECURSION = YES;
				CLANG_WARN_INT_CONVERSION = YES;
				CLANG_WARN_NON_LITERAL_NULL_CONVERSION = YES;
				CLANG_WARN_OBJC_IMPLICIT_RETAIN_SELF = YES;
				CLANG_WARN_OBJC_LITERAL_CONVERSION = YES;
				CLANG_WARN_OBJC_ROOT_CLASS = YES_ERROR;
				CLANG_WARN_QUOTED_INCLUDE_IN_FRAMEWORK_HEADER = YES;
				CLANG_WARN_RANGE_LOOP_ANALYSIS = YES;
				CLANG_WARN_STRICT_PROTOTYPES = YES;
				CLANG_WARN_SUSPICIOUS_MOVE = YES;
				CLANG_WARN_UNGUARDED_AVAILABILITY = YES_AGGRESSIVE;
				CLANG_WARN_UNREACHABLE_CODE = YES;
				CLANG_WARN__DUPLICATE_METHOD_MATCH = YES;
				COPY_PHASE_STRIP = NO;
				DEBUG_INFORMATION_FORMAT = dwarf;
				ENABLE_STRICT_OBJC_MSGSEND = YES;
				ENABLE_TESTABILITY = YES;
				GCC_C_LANGUAGE_STANDARD = gnu11;
				GCC_DYNAMIC_NO_PIC = NO;
				GCC_NO_COMMON_BLOCKS = YES;
				GCC_OPTIMIZATION_LEVEL = 0;
				GCC_PREPROCESSOR_DEFINITIONS = (
					"DEBUG=1",
					"$(inherited)",
				);
				GCC_WARN_64_TO_32_BIT_CONVERSION = YES;
				GCC_WARN_ABOUT_RETURN_TYPE = YES_ERROR;
				GCC_WARN_UNDECLARED_SELECTOR = YES;
				GCC_WARN_UNINITIALIZED_AUTOS = YES_AGGRESSIVE;
				GCC_WARN_UNUSED_FUNCTION = YES;
				GCC_WARN_UNUSED_VARIABLE = YES;
				MACOSX_DEPLOYMENT_TARGET = 13.3;
				MTL_ENABLE_DEBUG_INFO = INCLUDE_SOURCE;
				MTL_FAST_MATH = YES;
				ONLY_ACTIVE_ARCH = YES;
				SDKROOT = macosx;
				SWIFT_ACTIVE_COMPILATION_CONDITIONS = DEBUG;
				SWIFT_OPTIMIZATION_LEVEL = "-Onone";
			};
			name = Debug;
		};
		35EE475F2A1CC171001DEA85 /* Release */ = {
			isa = XCBuildConfiguration;
			buildSettings = {
				ALWAYS_SEARCH_USER_PATHS = NO;
				CLANG_ANALYZER_NONNULL = YES;
				CLANG_ANALYZER_NUMBER_OBJECT_CONVERSION = YES_AGGRESSIVE;
				CLANG_CXX_LANGUAGE_STANDARD = "gnu++20";
				CLANG_ENABLE_MODULES = YES;
				CLANG_ENABLE_OBJC_ARC = YES;
				CLANG_ENABLE_OBJC_WEAK = YES;
				CLANG_WARN_BLOCK_CAPTURE_AUTORELEASING = YES;
				CLANG_WARN_BOOL_CONVERSION = YES;
				CLANG_WARN_COMMA = YES;
				CLANG_WARN_CONSTANT_CONVERSION = YES;
				CLANG_WARN_DEPRECATED_OBJC_IMPLEMENTATIONS = YES;
				CLANG_WARN_DIRECT_OBJC_ISA_USAGE = YES_ERROR;
				CLANG_WARN_DOCUMENTATION_COMMENTS = YES;
				CLANG_WARN_EMPTY_BODY = YES;
				CLANG_WARN_ENUM_CONVERSION = YES;
				CLANG_WARN_INFINITE_RECURSION = YES;
				CLANG_WARN_INT_CONVERSION = YES;
				CLANG_WARN_NON_LITERAL_NULL_CONVERSION = YES;
				CLANG_WARN_OBJC_IMPLICIT_RETAIN_SELF = YES;
				CLANG_WARN_OBJC_LITERAL_CONVERSION = YES;
				CLANG_WARN_OBJC_ROOT_CLASS = YES_ERROR;
				CLANG_WARN_QUOTED_INCLUDE_IN_FRAMEWORK_HEADER = YES;
				CLANG_WARN_RANGE_LOOP_ANALYSIS = YES;
				CLANG_WARN_STRICT_PROTOTYPES = YES;
				CLANG_WARN_SUSPICIOUS_MOVE = YES;
				CLANG_WARN_UNGUARDED_AVAILABILITY = YES_AGGRESSIVE;
				CLANG_WARN_UNREACHABLE_CODE = YES;
				CLANG_WARN__DUPLICATE_METHOD_MATCH = YES;
				COPY_PHASE_STRIP = NO;
				DEBUG_INFORMATION_FORMAT = "dwarf-with-dsym";
				ENABLE_NS_ASSERTIONS = NO;
				ENABLE_STRICT_OBJC_MSGSEND = YES;
				GCC_C_LANGUAGE_STANDARD = gnu11;
				GCC_NO_COMMON_BLOCKS = YES;
				GCC_WARN_64_TO_32_BIT_CONVERSION = YES;
				GCC_WARN_ABOUT_RETURN_TYPE = YES_ERROR;
				GCC_WARN_UNDECLARED_SELECTOR = YES;
				GCC_WARN_UNINITIALIZED_AUTOS = YES_AGGRESSIVE;
				GCC_WARN_UNUSED_FUNCTION = YES;
				GCC_WARN_UNUSED_VARIABLE = YES;
				MACOSX_DEPLOYMENT_TARGET = 13.3;
				MTL_ENABLE_DEBUG_INFO = NO;
				MTL_FAST_MATH = YES;
				SDKROOT = macosx;
				SWIFT_COMPILATION_MODE = wholemodule;
				SWIFT_OPTIMIZATION_LEVEL = "-O";
			};
			name = Release;
		};
		35EE47612A1CC171001DEA85 /* Debug */ = {
			isa = XCBuildConfiguration;
			buildSettings = {
				ASSETCATALOG_COMPILER_APPICON_NAME = AppIcon;
				ASSETCATALOG_COMPILER_GLOBAL_ACCENT_COLOR_NAME = AccentColor;
				CODE_SIGN_ENTITLEMENTS = AnkiCardMaker/AnkiCardMaker.entitlements;
				CODE_SIGN_STYLE = Automatic;
				COMBINE_HIDPI_IMAGES = YES;
				CURRENT_PROJECT_VERSION = 1;
				DEVELOPMENT_ASSET_PATHS = "\"AnkiCardMaker/Preview Content\"";
				DEVELOPMENT_TEAM = P89ASLHB2S;
				ENABLE_HARDENED_RUNTIME = YES;
				ENABLE_PREVIEWS = YES;
				GENERATE_INFOPLIST_FILE = YES;
				INFOPLIST_KEY_NSHumanReadableCopyright = "";
				LD_RUNPATH_SEARCH_PATHS = (
					"$(inherited)",
					"@executable_path/../Frameworks",
				);
				MARKETING_VERSION = 1.0;
				PRODUCT_BUNDLE_IDENTIFIER = leonmatg.AnkiCardMaker;
				PRODUCT_NAME = "$(TARGET_NAME)";
				SWIFT_EMIT_LOC_STRINGS = YES;
				SWIFT_VERSION = 5.0;
			};
			name = Debug;
		};
		35EE47622A1CC171001DEA85 /* Release */ = {
			isa = XCBuildConfiguration;
			buildSettings = {
				ASSETCATALOG_COMPILER_APPICON_NAME = AppIcon;
				ASSETCATALOG_COMPILER_GLOBAL_ACCENT_COLOR_NAME = AccentColor;
				CODE_SIGN_ENTITLEMENTS = AnkiCardMaker/AnkiCardMaker.entitlements;
				CODE_SIGN_STYLE = Automatic;
				COMBINE_HIDPI_IMAGES = YES;
				CURRENT_PROJECT_VERSION = 1;
				DEVELOPMENT_ASSET_PATHS = "\"AnkiCardMaker/Preview Content\"";
				DEVELOPMENT_TEAM = P89ASLHB2S;
				ENABLE_HARDENED_RUNTIME = YES;
				ENABLE_PREVIEWS = YES;
				GENERATE_INFOPLIST_FILE = YES;
				INFOPLIST_KEY_NSHumanReadableCopyright = "";
				LD_RUNPATH_SEARCH_PATHS = (
					"$(inherited)",
					"@executable_path/../Frameworks",
				);
				MARKETING_VERSION = 1.0;
				PRODUCT_BUNDLE_IDENTIFIER = leonmatg.AnkiCardMaker;
				PRODUCT_NAME = "$(TARGET_NAME)";
				SWIFT_EMIT_LOC_STRINGS = YES;
				SWIFT_VERSION = 5.0;
			};
			name = Release;
		};
		35EE47642A1CC171001DEA85 /* Debug */ = {
			isa = XCBuildConfiguration;
			buildSettings = {
				ALWAYS_EMBED_SWIFT_STANDARD_LIBRARIES = YES;
				BUNDLE_LOADER = "$(TEST_HOST)";
				CODE_SIGN_STYLE = Automatic;
				CURRENT_PROJECT_VERSION = 1;
				DEVELOPMENT_TEAM = P89ASLHB2S;
				GENERATE_INFOPLIST_FILE = YES;
				MACOSX_DEPLOYMENT_TARGET = 13.3;
				MARKETING_VERSION = 1.0;
				PRODUCT_BUNDLE_IDENTIFIER = leonmatg.AnkiCardMakerTests;
				PRODUCT_NAME = "$(TARGET_NAME)";
				SWIFT_EMIT_LOC_STRINGS = NO;
				SWIFT_VERSION = 5.0;
				TEST_HOST = "$(BUILT_PRODUCTS_DIR)/AnkiCardMaker.app/$(BUNDLE_EXECUTABLE_FOLDER_PATH)/AnkiCardMaker";
			};
			name = Debug;
		};
		35EE47652A1CC171001DEA85 /* Release */ = {
			isa = XCBuildConfiguration;
			buildSettings = {
				ALWAYS_EMBED_SWIFT_STANDARD_LIBRARIES = YES;
				BUNDLE_LOADER = "$(TEST_HOST)";
				CODE_SIGN_STYLE = Automatic;
				CURRENT_PROJECT_VERSION = 1;
				DEVELOPMENT_TEAM = P89ASLHB2S;
				GENERATE_INFOPLIST_FILE = YES;
				MACOSX_DEPLOYMENT_TARGET = 13.3;
				MARKETING_VERSION = 1.0;
				PRODUCT_BUNDLE_IDENTIFIER = leonmatg.AnkiCardMakerTests;
				PRODUCT_NAME = "$(TARGET_NAME)";
				SWIFT_EMIT_LOC_STRINGS = NO;
				SWIFT_VERSION = 5.0;
				TEST_HOST = "$(BUILT_PRODUCTS_DIR)/AnkiCardMaker.app/$(BUNDLE_EXECUTABLE_FOLDER_PATH)/AnkiCardMaker";
			};
			name = Release;
		};
		35EE47672A1CC171001DEA85 /* Debug */ = {
			isa = XCBuildConfiguration;
			buildSettings = {
				ALWAYS_EMBED_SWIFT_STANDARD_LIBRARIES = YES;
				CODE_SIGN_STYLE = Automatic;
				CURRENT_PROJECT_VERSION = 1;
				DEVELOPMENT_TEAM = P89ASLHB2S;
				GENERATE_INFOPLIST_FILE = YES;
				MARKETING_VERSION = 1.0;
				PRODUCT_BUNDLE_IDENTIFIER = leonmatg.AnkiCardMakerUITests;
				PRODUCT_NAME = "$(TARGET_NAME)";
				SWIFT_EMIT_LOC_STRINGS = NO;
				SWIFT_VERSION = 5.0;
				TEST_TARGET_NAME = AnkiCardMaker;
			};
			name = Debug;
		};
		35EE47682A1CC171001DEA85 /* Release */ = {
			isa = XCBuildConfiguration;
			buildSettings = {
				ALWAYS_EMBED_SWIFT_STANDARD_LIBRARIES = YES;
				CODE_SIGN_STYLE = Automatic;
				CURRENT_PROJECT_VERSION = 1;
				DEVELOPMENT_TEAM = P89ASLHB2S;
				GENERATE_INFOPLIST_FILE = YES;
				MARKETING_VERSION = 1.0;
				PRODUCT_BUNDLE_IDENTIFIER = leonmatg.AnkiCardMakerUITests;
				PRODUCT_NAME = "$(TARGET_NAME)";
				SWIFT_EMIT_LOC_STRINGS = NO;
				SWIFT_VERSION = 5.0;
				TEST_TARGET_NAME = AnkiCardMaker;
			};
			name = Release;
		};
/* End XCBuildConfiguration section */

/* Begin XCConfigurationList section */
		35EE47362A1CC170001DEA85 /* Build configuration list for PBXProject "AnkiCardMaker" */ = {
			isa = XCConfigurationList;
			buildConfigurations = (
				35EE475E2A1CC171001DEA85 /* Debug */,
				35EE475F2A1CC171001DEA85 /* Release */,
			);
			defaultConfigurationIsVisible = 0;
			defaultConfigurationName = Release;
		};
		35EE47602A1CC171001DEA85 /* Build configuration list for PBXNativeTarget "AnkiCardMaker" */ = {
			isa = XCConfigurationList;
			buildConfigurations = (
				35EE47612A1CC171001DEA85 /* Debug */,
				35EE47622A1CC171001DEA85 /* Release */,
			);
			defaultConfigurationIsVisible = 0;
			defaultConfigurationName = Release;
		};
		35EE47632A1CC171001DEA85 /* Build configuration list for PBXNativeTarget "AnkiCardMakerTests" */ = {
			isa = XCConfigurationList;
			buildConfigurations = (
				35EE47642A1CC171001DEA85 /* Debug */,
				35EE47652A1CC171001DEA85 /* Release */,
			);
			defaultConfigurationIsVisible = 0;
			defaultConfigurationName = Release;
		};
		35EE47662A1CC171001DEA85 /* Build configuration list for PBXNativeTarget "AnkiCardMakerUITests" */ = {
			isa = XCConfigurationList;
			buildConfigurations = (
				35EE47672A1CC171001DEA85 /* Debug */,
				35EE47682A1CC171001DEA85 /* Release */,
			);
			defaultConfigurationIsVisible = 0;
			defaultConfigurationName = Release;
		};
/* End XCConfigurationList section */

/* Begin XCRemoteSwiftPackageReference section */
		35EE47732A1CD068001DEA85 /* XCRemoteSwiftPackageReference "swift-markdownkit" */ = {
			isa = XCRemoteSwiftPackageReference;
			repositoryURL = "https://github.com/objecthub/swift-markdownkit";
			requirement = {
				kind = upToNextMajorVersion;
				minimumVersion = 1.0.0;
			};
		};
/* End XCRemoteSwiftPackageReference section */

/* Begin XCSwiftPackageProductDependency section */
		35EE47742A1CD068001DEA85 /* MarkdownKit */ = {
			isa = XCSwiftPackageProductDependency;
			package = 35EE47732A1CD068001DEA85 /* XCRemoteSwiftPackageReference "swift-markdownkit" */;
			productName = MarkdownKit;
		};
/* End XCSwiftPackageProductDependency section */
	};
	rootObject = 35EE47332A1CC170001DEA85 /* Project object */;
}
